
Microsoft Visual Studio Solution File, Format Version 12.00
# Visual Studio Version 16
VisualStudioVersion = 16.0.29709.97
MinimumVisualStudioVersion = 10.0.40219.1
Project("{8BC9CEB8-8B4A-11D0-8D11-00A0C91BC942}") = "cudaDNN", "cudaDNN\cudaDNN.vcxproj", "{16DF59FF-72CC-49DA-8F89-4F849EE04E08}"
EndProject
Project("{8BC9CEB8-8B4A-11D0-8D11-00A0C91BC942}") = "ArrayVersionDNN", "ArrayVersionDNN\ArrayVersionDNN.vcxproj", "{B9DA181B-F412-4CE4-9B38-060A4A461AB3}"
EndProject
Project("{8BC9CEB8-8B4A-11D0-8D11-00A0C91BC942}") = "OptimizationTestHaness", "OptimizationTestHaness\OptimizationTestHaness.vcxproj", "{7D8F7699-32B6-41A3-82AC-A7EF1D1A3524}"
EndProject
Project("{8BC9CEB8-8B4A-11D0-8D11-00A0C91BC942}") = "UnitTestTemp", "UnitTest\UnitTest.vcxproj", "{EAE606E7-F90C-44C8-B5EC-3E846EC4EDAA}"
EndProject
Global
	GlobalSection(SolutionConfigurationPlatforms) = preSolution
		Debug|x64 = Debug|x64
		Debug|x86 = Debug|x86
		Release|x64 = Release|x64
		Release|x86 = Release|x86
	EndGlobalSection
	GlobalSection(ProjectConfigurationPlatforms) = postSolution
		{16DF59FF-72CC-49DA-8F89-4F849EE04E08}.Debug|x64.ActiveCfg = Debug|x64
		{16DF59FF-72CC-49DA-8F89-4F849EE04E08}.Debug|x64.Build.0 = Debug|x64
		{16DF59FF-72CC-49DA-8F89-4F849EE04E08}.Debug|x86.ActiveCfg = Debug|Win32
		{16DF59FF-72CC-49DA-8F89-4F849EE04E08}.Debug|x86.Build.0 = Debug|Win32
		{16DF59FF-72CC-49DA-8F89-4F849EE04E08}.Release|x64.ActiveCfg = Release|x64
		{16DF59FF-72CC-49DA-8F89-4F849EE04E08}.Release|x64.Build.0 = Release|x64
		{16DF59FF-72CC-49DA-8F89-4F849EE04E08}.Release|x86.ActiveCfg = Release|Win32
		{16DF59FF-72CC-49DA-8F89-4F849EE04E08}.Release|x86.Build.0 = Release|Win32
		{B9DA181B-F412-4CE4-9B38-060A4A461AB3}.Debug|x64.ActiveCfg = Debug|x64
		{B9DA181B-F412-4CE4-9B38-060A4A461AB3}.Debug|x64.Build.0 = Debug|x64
		{B9DA181B-F412-4CE4-9B38-060A4A461AB3}.Debug|x86.ActiveCfg = Debug|Win32
		{B9DA181B-F412-4CE4-9B38-060A4A461AB3}.Debug|x86.Build.0 = Debug|Win32
		{B9DA181B-F412-4CE4-9B38-060A4A461AB3}.Release|x64.ActiveCfg = Release|x64
		{B9DA181B-F412-4CE4-9B38-060A4A461AB3}.Release|x64.Build.0 = Release|x64
		{B9DA181B-F412-4CE4-9B38-060A4A461AB3}.Release|x86.ActiveCfg = Release|Win32
		{B9DA181B-F412-4CE4-9B38-060A4A461AB3}.Release|x86.Build.0 = Release|Win32
		{7D8F7699-32B6-41A3-82AC-A7EF1D1A3524}.Debug|x64.ActiveCfg = Debug|x64
		{7D8F7699-32B6-41A3-82AC-A7EF1D1A3524}.Debug|x64.Build.0 = Debug|x64
		{7D8F7699-32B6-41A3-82AC-A7EF1D1A3524}.Debug|x86.ActiveCfg = Debug|Win32
		{7D8F7699-32B6-41A3-82AC-A7EF1D1A3524}.Debug|x86.Build.0 = Debug|Win32
		{7D8F7699-32B6-41A3-82AC-A7EF1D1A3524}.Release|x64.ActiveCfg = Release|x64
		{7D8F7699-32B6-41A3-82AC-A7EF1D1A3524}.Release|x64.Build.0 = Release|x64
		{7D8F7699-32B6-41A3-82AC-A7EF1D1A3524}.Release|x86.ActiveCfg = Release|Win32
		{7D8F7699-32B6-41A3-82AC-A7EF1D1A3524}.Release|x86.Build.0 = Release|Win32
		{EAE606E7-F90C-44C8-B5EC-3E846EC4EDAA}.Debug|x64.ActiveCfg = Debug|x64
		{EAE606E7-F90C-44C8-B5EC-3E846EC4EDAA}.Debug|x64.Build.0 = Debug|x64
		{EAE606E7-F90C-44C8-B5EC-3E846EC4EDAA}.Debug|x86.ActiveCfg = Debug|Win32
		{EAE606E7-F90C-44C8-B5EC-3E846EC4EDAA}.Debug|x86.Build.0 = Debug|Win32
		{EAE606E7-F90C-44C8-B5EC-3E846EC4EDAA}.Release|x64.ActiveCfg = Release|x64
		{EAE606E7-F90C-44C8-B5EC-3E846EC4EDAA}.Release|x64.Build.0 = Release|x64
		{EAE606E7-F90C-44C8-B5EC-3E846EC4EDAA}.Release|x86.ActiveCfg = Release|Win32
		{EAE606E7-F90C-44C8-B5EC-3E846EC4EDAA}.Release|x86.Build.0 = Release|Win32
	EndGlobalSection
	GlobalSection(SolutionProperties) = preSolution
		HideSolutionNode = FALSE
	EndGlobalSection
	GlobalSection(ExtensibilityGlobals) = postSolution
		SolutionGuid = {C8E3747D-87E7-4B80-953B-835AFA2AA9CC}
	EndGlobalSection
EndGlobal
